// !$*UTF8*$!
{
	archiveVersion = 1;
	classes = {
	};
	objectVersion = 48;
	objects = {

/* Begin PBXBuildFile section */
		6FDD14D120F4408F009322E4 /* AppDelegate.swift in Sources */ = {isa = PBXBuildFile; fileRef = 6FDD14D020F4408F009322E4 /* AppDelegate.swift */; };
		6FDD14D320F4408F009322E4 /* ViewController.swift in Sources */ = {isa = PBXBuildFile; fileRef = 6FDD14D220F4408F009322E4 /* ViewController.swift */; };
		6FDD14D620F4408F009322E4 /* Main.storyboard in Resources */ = {isa = PBXBuildFile; fileRef = 6FDD14D420F4408F009322E4 /* Main.storyboard */; };
		6FDD14D820F4408F009322E4 /* Assets.xcassets in Resources */ = {isa = PBXBuildFile; fileRef = 6FDD14D720F4408F009322E4 /* Assets.xcassets */; };
		6FDD14DB20F4408F009322E4 /* LaunchScreen.storyboard in Resources */ = {isa = PBXBuildFile; fileRef = 6FDD14D920F4408F009322E4 /* LaunchScreen.storyboard */; };
		6FDD14E620F44825009322E4 /* BookManager.swift in Sources */ = {isa = PBXBuildFile; fileRef = 6FDD14E320F44825009322E4 /* BookManager.swift */; };
/* End PBXBuildFile section */

/* Begin PBXFileReference section */
		6FDD14CD20F4408F009322E4 /* BookManager.app */ = {isa = PBXFileReference; explicitFileType = wrapper.application; includeInIndex = 0; path = BookManager.app; sourceTree = BUILT_PRODUCTS_DIR; };
		6FDD14D020F4408F009322E4 /* AppDelegate.swift */ = {isa = PBXFileReference; lastKnownFileType = sourcecode.swift; path = AppDelegate.swift; sourceTree = "<group>"; };
		6FDD14D220F4408F009322E4 /* ViewController.swift */ = {isa = PBXFileReference; lastKnownFileType = sourcecode.swift; path = ViewController.swift; sourceTree = "<group>"; };
		6FDD14D520F4408F009322E4 /* Base */ = {isa = PBXFileReference; lastKnownFileType = file.storyboard; name = Base; path = Base.lproj/Main.storyboard; sourceTree = "<group>"; };
		6FDD14D720F4408F009322E4 /* Assets.xcassets */ = {isa = PBXFileReference; lastKnownFileType = folder.assetcatalog; path = Assets.xcassets; sourceTree = "<group>"; };
		6FDD14DA20F4408F009322E4 /* Base */ = {isa = PBXFileReference; lastKnownFileType = file.storyboard; name = Base; path = Base.lproj/LaunchScreen.storyboard; sourceTree = "<group>"; };
		6FDD14DC20F4408F009322E4 /* Info.plist */ = {isa = PBXFileReference; lastKnownFileType = text.plist.xml; path = Info.plist; sourceTree = "<group>"; };
		6FDD14E320F44825009322E4 /* BookManager.swift */ = {isa = PBXFileReference; fileEncoding = 4; lastKnownFileType = sourcecode.swift; name = BookManager.swift; path = ../../../BookManager/BookManager/BookManager.swift; sourceTree = "<group>"; };
/* End PBXFileReference section */

/* Begin PBXFrameworksBuildPhase section */
		6FDD14CA20F4408F009322E4 /* Frameworks */ = {
			isa = PBXFrameworksBuildPhase;
			buildActionMask = 2147483647;
			files = (
			);
			runOnlyForDeploymentPostprocessing = 0;
		};
/* End PBXFrameworksBuildPhase section */

/* Begin PBXGroup section */
		6FDD14C420F4408F009322E4 = {
			isa = PBXGroup;
			children = (
				6FDD14CF20F4408F009322E4 /* VisualBookManager */,
				6FDD14CE20F4408F009322E4 /* Products */,
			);
			sourceTree = "<group>";
		};
		6FDD14CE20F4408F009322E4 /* Products */ = {
			isa = PBXGroup;
			children = (
				6FDD14CD20F4408F009322E4 /* BookManager.app */,
			);
			name = Products;
			sourceTree = "<group>";
		};
		6FDD14CF20F4408F009322E4 /* VisualBookManager */ = {
			isa = PBXGroup;
			children = (
				6FDD14E320F44825009322E4 /* BookManager.swift */,
				6FDD14D020F4408F009322E4 /* AppDelegate.swift */,
				6FDD14D220F4408F009322E4 /* ViewController.swift */,
				6FDD14D420F4408F009322E4 /* Main.storyboard */,
				6FDD14D720F4408F009322E4 /* Assets.xcassets */,
				6FDD14D920F4408F009322E4 /* LaunchScreen.storyboard */,
				6FDD14DC20F4408F009322E4 /* Info.plist */,
			);
			path = VisualBookManager;
			sourceTree = "<group>";
		};
/* End PBXGroup section */

/* Begin PBXNativeTarget section */
		6FDD14CC20F4408F009322E4 /* VisualBookManager */ = {
			isa = PBXNativeTarget;
			buildConfigurationList = 6FDD14DF20F4408F009322E4 /* Build configuration list for PBXNativeTarget "VisualBookManager" */;
			buildPhases = (
				6FDD14C920F4408F009322E4 /* Sources */,
				6FDD14CA20F4408F009322E4 /* Frameworks */,
				6FDD14CB20F4408F009322E4 /* Resources */,
			);
			buildRules = (
			);
			dependencies = (
			);
			name = VisualBookManager;
			productName = VisualBookManager;
			productReference = 6FDD14CD20F4408F009322E4 /* BookManager.app */;
			productType = "com.apple.product-type.application";
		};
/* End PBXNativeTarget section */

/* Begin PBXProject section */
		6FDD14C520F4408F009322E4 /* Project object */ = {
			isa = PBXProject;
			attributes = {
				LastSwiftUpdateCheck = 0920;
				LastUpgradeCheck = 0940;
				ORGANIZATIONNAME = Imagic_Jongja;
				TargetAttributes = {
					6FDD14CC20F4408F009322E4 = {
						CreatedOnToolsVersion = 9.2;
						ProvisioningStyle = Automatic;
					};
				};
			};
			buildConfigurationList = 6FDD14C820F4408F009322E4 /* Build configuration list for PBXProject "VisualBookManager" */;
			compatibilityVersion = "Xcode 8.0";
			developmentRegion = en;
			hasScannedForEncodings = 0;
			knownRegions = (
				en,
				Base,
			);
			mainGroup = 6FDD14C420F4408F009322E4;
			productRefGroup = 6FDD14CE20F4408F009322E4 /* Products */;
			projectDirPath = "";
			projectRoot = "";
			targets = (
				6FDD14CC20F4408F009322E4 /* VisualBookManager */,
			);
		};
/* End PBXProject section */

/* Begin PBXResourcesBuildPhase section */
		6FDD14CB20F4408F009322E4 /* Resources */ = {
			isa = PBXResourcesBuildPhase;
			buildActionMask = 2147483647;
			files = (
				6FDD14DB20F4408F009322E4 /* LaunchScreen.storyboard in Resources */,
				6FDD14D820F4408F009322E4 /* Assets.xcassets in Resources */,
				6FDD14D620F4408F009322E4 /* Main.storyboard in Resources */,
			);
			runOnlyForDeploymentPostprocessing = 0;
		};
/* End PBXResourcesBuildPhase section */

/* Begin PBXSourcesBuildPhase section */
		6FDD14C920F4408F009322E4 /* Sources */ = {
			isa = PBXSourcesBuildPhase;
			buildActionMask = 2147483647;
			files = (
				6FDD14D320F4408F009322E4 /* ViewController.swift in Sources */,
				6FDD14D120F4408F009322E4 /* AppDelegate.swift in Sources */,
				6FDD14E620F44825009322E4 /* BookManager.swift in Sources */,
			);
			runOnlyForDeploymentPostprocessing = 0;
		};
/* End PBXSourcesBuildPhase section */

/* Begin PBXVariantGroup section */
		6FDD14D420F4408F009322E4 /* Main.storyboard */ = {
			isa = PBXVariantGroup;
			children = (
				6FDD14D520F4408F009322E4 /* Base */,
			);
			name = Main.storyboard;
			sourceTree = "<group>";
		};
		6FDD14D920F4408F009322E4 /* LaunchScreen.storyboard */ = {
			isa = PBXVariantGroup;
			children = (
				6FDD14DA20F4408F009322E4 /* Base */,
			);
			name = LaunchScreen.storyboard;
			sourceTree = "<group>";
		};
/* End PBXVariantGroup section */

/* Begin XCBuildConfiguration section */
		6FDD14DD20F4408F009322E4 /* Debug */ = {
			isa = XCBuildConfiguration;
			buildSettings = {
				ALWAYS_SEARCH_USER_PATHS = NO;
				CLANG_ANALYZER_NONNULL = YES;
				CLANG_ANALYZER_NUMBER_OBJECT_CONVERSION = YES_AGGRESSIVE;
				CLANG_CXX_LANGUAGE_STANDARD = "gnu++14";
				CLANG_CXX_LIBRARY = "libc++";
				CLANG_ENABLE_MODULES = YES;
				CLANG_ENABLE_OBJC_ARC = YES;
				CLANG_WARN_BLOCK_CAPTURE_AUTORELEASING = YES;
				CLANG_WARN_BOOL_CONVERSION = YES;
				CLANG_WARN_COMMA = YES;
				CLANG_WARN_CONSTANT_CONVERSION = YES;
				CLANG_WARN_DEPRECATED_OBJC_IMPLEMENTATIONS = YES;
				CLANG_WARN_DIRECT_OBJC_ISA_USAGE = YES_ERROR;
				CLANG_WARN_DOCUMENTATION_COMMENTS = YES;
				CLANG_WARN_EMPTY_BODY = YES;
				CLANG_WARN_ENUM_CONVERSION = YES;
				CLANG_WARN_INFINITE_RECURSION = YES;
				CLANG_WARN_INT_CONVERSION = YES;
				CLANG_WARN_NON_LITERAL_NULL_CONVERSION = YES;
				CLANG_WARN_OBJC_IMPLICIT_RETAIN_SELF = YES;
				CLANG_WARN_OBJC_LITERAL_CONVERSION = YES;
				CLANG_WARN_OBJC_ROOT_CLASS = YES_ERROR;
				CLANG_WARN_RANGE_LOOP_ANALYSIS = YES;
				CLANG_WARN_STRICT_PROTOTYPES = YES;
				CLANG_WARN_SUSPICIOUS_MOVE = YES;
				CLANG_WARN_UNGUARDED_AVAILABILITY = YES_AGGRESSIVE;
				CLANG_WARN_UNREACHABLE_CODE = YES;
				CLANG_WARN__DUPLICATE_METHOD_MATCH = YES;
				CODE_SIGN_IDENTITY = "iPhone Developer";
				COPY_PHASE_STRIP = NO;
				DEBUG_INFORMATION_FORMAT = dwarf;
				ENABLE_STRICT_OBJC_MSGSEND = YES;
				ENABLE_TESTABILITY = YES;
				GCC_C_LANGUAGE_STANDARD = gnu11;
				GCC_DYNAMIC_NO_PIC = NO;
				GCC_NO_COMMON_BLOCKS = YES;
				GCC_OPTIMIZATION_LEVEL = 0;
				GCC_PREPROCESSOR_DEFINITIONS = (
					"DEBUG=1",
					"$(inherited)",
				);
				GCC_WARN_64_TO_32_BIT_CONVERSION = YES;
				GCC_WARN_ABOUT_RETURN_TYPE = YES_ERROR;
				GCC_WARN_UNDECLARED_SELECTOR = YES;
				GCC_WARN_UNINITIALIZED_AUTOS = YES_AGGRESSIVE;
				GCC_WARN_UNUSED_FUNCTION = YES;
				GCC_WARN_UNUSED_VARIABLE = YES;
				IPHONEOS_DEPLOYMENT_TARGET = 11.2;
				MTL_ENABLE_DEBUG_INFO = YES;
				ONLY_ACTIVE_ARCH = YES;
				SDKROOT = iphoneos;
				SWIFT_ACTIVE_COMPILATION_CONDITIONS = DEBUG;
				SWIFT_OPTIMIZATION_LEVEL = "-Onone";
			};
			name = Debug;
		};
		6FDD14DE20F4408F009322E4 /* Release */ = {
			isa = XCBuildConfiguration;
			buildSettings = {
				ALWAYS_SEARCH_USER_PATHS = NO;
				CLANG_ANALYZER_NONNULL = YES;
				CLANG_ANALYZER_NUMBER_OBJECT_CONVERSION = YES_AGGRESSIVE;
				CLANG_CXX_LANGUAGE_STANDARD = "gnu++14";
				CLANG_CXX_LIBRARY = "libc++";
				CLANG_ENABLE_MODULES = YES;
				CLANG_ENABLE_OBJC_ARC = YES;
				CLANG_WARN_BLOCK_CAPTURE_AUTORELEASING = YES;
				CLANG_WARN_BOOL_CONVERSION = YES;
				CLANG_WARN_COMMA = YES;
				CLANG_WARN_CONSTANT_CONVERSION = YES;
				CLANG_WARN_DEPRECATED_OBJC_IMPLEMENTATIONS = YES;
				CLANG_WARN_DIRECT_OBJC_ISA_USAGE = YES_ERROR;
				CLANG_WARN_DOCUMENTATION_COMMENTS = YES;
				CLANG_WARN_EMPTY_BODY = YES;
				CLANG_WARN_ENUM_CONVERSION = YES;
				CLANG_WARN_INFINITE_RECURSION = YES;
				CLANG_WARN_INT_CONVERSION = YES;
				CLANG_WARN_NON_LITERAL_NULL_CONVERSION = YES;
				CLANG_WARN_OBJC_IMPLICIT_RETAIN_SELF = YES;
				CLANG_WARN_OBJC_LITERAL_CONVERSION = YES;
				CLANG_WARN_OBJC_ROOT_CLASS = YES_ERROR;
				CLANG_WARN_RANGE_LOOP_ANALYSIS = YES;
				CLANG_WARN_STRICT_PROTOTYPES = YES;
				CLANG_WARN_SUSPICIOUS_MOVE = YES;
				CLANG_WARN_UNGUARDED_AVAILABILITY = YES_AGGRESSIVE;
				CLANG_WARN_UNREACHABLE_CODE = YES;
				CLANG_WARN__DUPLICATE_METHOD_MATCH = YES;
				CODE_SIGN_IDENTITY = "iPhone Developer";
				COPY_PHASE_STRIP = NO;
				DEBUG_INFORMATION_FORMAT = "dwarf-with-dsym";
				ENABLE_NS_ASSERTIONS = NO;
				ENABLE_STRICT_OBJC_MSGSEND = YES;
				GCC_C_LANGUAGE_STANDARD = gnu11;
				GCC_NO_COMMON_BLOCKS = YES;
				GCC_WARN_64_TO_32_BIT_CONVERSION = YES;
				GCC_WARN_ABOUT_RETURN_TYPE = YES_ERROR;
				GCC_WARN_UNDECLARED_SELECTOR = YES;
				GCC_WARN_UNINITIALIZED_AUTOS = YES_AGGRESSIVE;
				GCC_WARN_UNUSED_FUNCTION = YES;
				GCC_WARN_UNUSED_VARIABLE = YES;
				IPHONEOS_DEPLOYMENT_TARGET = 11.2;
				MTL_ENABLE_DEBUG_INFO = NO;
				SDKROOT = iphoneos;
				SWIFT_OPTIMIZATION_LEVEL = "-Owholemodule";
				VALIDATE_PRODUCT = YES;
			};
			name = Release;
		};
		6FDD14E020F4408F009322E4 /* Debug */ = {
			isa = XCBuildConfiguration;
			buildSettings = {
				ASSETCATALOG_COMPILER_APPICON_NAME = AppIcon;
				CODE_SIGN_STYLE = Automatic;
				DEVELOPMENT_TEAM = H33K2JU25W;
				INFOPLIST_FILE = VisualBookManager/Info.plist;
				IPHONEOS_DEPLOYMENT_TARGET = 11.1;
				LD_RUNPATH_SEARCH_PATHS = "$(inherited) @executable_path/Frameworks";
				PRODUCT_BUNDLE_IDENTIFIER = Jongja.VisualBookManager;
				PRODUCT_NAME = BookManager;
				SWIFT_VERSION = 4.0;
				TARGETED_DEVICE_FAMILY = "1,2";
			};
			name = Debug;
		};
		6FDD14E120F4408F009322E4 /* Release */ = {
			isa = XCBuildConfiguration;
			buildSettings = {
				ASSETCATALOG_COMPILER_APPICON_NAME = AppIcon;
				CODE_SIGN_STYLE = Automatic;
				DEVELOPMENT_TEAM = H33K2JU25W;
				INFOPLIST_FILE = VisualBookManager/Info.plist;
				IPHONEOS_DEPLOYMENT_TARGET = 11.1;
				LD_RUNPATH_SEARCH_PATHS = "$(inherited) @executable_path/Frameworks";
				PRODUCT_BUNDLE_IDENTIFIER = Jongja.VisualBookManager;
				PRODUCT_NAME = BookManager;
				SWIFT_VERSION = 4.0;
				TARGETED_DEVICE_FAMILY = "1,2";
			};
			name = Release;
		};
/* End XCBuildConfiguration section */

/* Begin XCConfigurationList section */
		6FDD14C820F4408F009322E4 /* Build configuration list for PBXProject "VisualBookManager" */ = {
			isa = XCConfigurationList;
			buildConfigurations = (
				6FDD14DD20F4408F009322E4 /* Debug */,
				6FDD14DE20F4408F009322E4 /* Release */,
			);
			defaultConfigurationIsVisible = 0;
			defaultConfigurationName = Release;
		};
		6FDD14DF20F4408F009322E4 /* Build configuration list for PBXNativeTarget "VisualBookManager" */ = {
			isa = XCConfigurationList;
			buildConfigurations = (
				6FDD14E020F4408F009322E4 /* Debug */,
				6FDD14E120F4408F009322E4 /* Release */,
			);
			defaultConfigurationIsVisible = 0;
			defaultConfigurationName = Release;
		};
/* End XCConfigurationList section */
	};
	rootObject = 6FDD14C520F4408F009322E4 /* Project object */;
}
